
Microsoft Visual Studio Solution File, Format Version 12.00
# Visual Studio 2015
Project("{FAE04EC0-301F-11D3-BF4B-00C04F79EFBC}") = "CameraFollowThePath.CSharp", "CameraFollowThePath.CSharp.csproj", "{BB76DD33-CF75-89FD-B269-422897D994B2}"
EndProject
Global
	GlobalSection(SolutionConfigurationPlatforms) = preSolution
		Debug|Any CPU = Debug|Any CPU
		Release|Any CPU = Release|Any CPU
	EndGlobalSection
	GlobalSection(ProjectConfigurationPlatforms) = postSolution
		{BB76DD33-CF75-89FD-B269-422897D994B2}.Debug|Any CPU.ActiveCfg = Debug|Any CPU
		{BB76DD33-CF75-89FD-B269-422897D994B2}.Debug|Any CPU.Build.0 = Debug|Any CPU
		{BB76DD33-CF75-89FD-B269-422897D994B2}.Release|Any CPU.ActiveCfg = Release|Any CPU
		{BB76DD33-CF75-89FD-B269-422897D994B2}.Release|Any CPU.Build.0 = Release|Any CPU
	EndGlobalSection
	GlobalSection(SolutionProperties) = preSolution
		HideSolutionNode = FALSE
	EndGlobalSection
EndGlobal
